// !$*UTF8*$!
{
	archiveVersion = 1;
	classes = {
	};
	objectVersion = 46;
	objects = {

/* Begin PBXBuildFile section */
		149BE75A1AFE4C080080CCC9 /* BDBNew.m in Sources */ = {isa = PBXBuildFile; fileRef = 149BE7591AFE4C080080CCC9 /* BDBNew.m */; };
		149BE75D1AFE569B0080CCC9 /* WindowsAzureMobileServices.framework in Frameworks */ = {isa = PBXBuildFile; fileRef = 149BE75C1AFE569B0080CCC9 /* WindowsAzureMobileServices.framework */; };
		149BE7671AFE6FE70080CCC9 /* BDBLoginViewController.m in Sources */ = {isa = PBXBuildFile; fileRef = 149BE7661AFE6FE70080CCC9 /* BDBLoginViewController.m */; };
		14B80CC51AFF9C8B00E26229 /* BDBCreateNewViewController.m in Sources */ = {isa = PBXBuildFile; fileRef = 14B80CC41AFF9C8B00E26229 /* BDBCreateNewViewController.m */; };
		14B80CC81AFFDE2400E26229 /* BDBPublishedTableViewController.m in Sources */ = {isa = PBXBuildFile; fileRef = 14B80CC71AFFDE2400E26229 /* BDBPublishedTableViewController.m */; };
		14B80CCB1AFFF78900E26229 /* BDBDetailPublishedViewController.m in Sources */ = {isa = PBXBuildFile; fileRef = 14B80CCA1AFFF78900E26229 /* BDBDetailPublishedViewController.m */; };
		14B80CCE1B00077900E26229 /* BDBNotPublishedTableViewController.m in Sources */ = {isa = PBXBuildFile; fileRef = 14B80CCD1B00077900E26229 /* BDBNotPublishedTableViewController.m */; };
		14B80CD11B00086A00E26229 /* BDBDetailNotPublishedViewController.m in Sources */ = {isa = PBXBuildFile; fileRef = 14B80CD01B00086A00E26229 /* BDBDetailNotPublishedViewController.m */; };
		14B80CD41B00192500E26229 /* BDBLectorTableViewController.m in Sources */ = {isa = PBXBuildFile; fileRef = 14B80CD31B00192500E26229 /* BDBLectorTableViewController.m */; };
		14B80CD71B001C6700E26229 /* BDBDetailLectorViewController.m in Sources */ = {isa = PBXBuildFile; fileRef = 14B80CD61B001C6700E26229 /* BDBDetailLectorViewController.m */; };
		14E1AA781AFBC81A0049D6BC /* main.m in Sources */ = {isa = PBXBuildFile; fileRef = 14E1AA771AFBC81A0049D6BC /* main.m */; };
		14E1AA7B1AFBC81A0049D6BC /* AppDelegate.m in Sources */ = {isa = PBXBuildFile; fileRef = 14E1AA7A1AFBC81A0049D6BC /* AppDelegate.m */; };
		14E1AA811AFBC81A0049D6BC /* Main.storyboard in Resources */ = {isa = PBXBuildFile; fileRef = 14E1AA7F1AFBC81A0049D6BC /* Main.storyboard */; };
		14E1AA831AFBC81A0049D6BC /* Images.xcassets in Resources */ = {isa = PBXBuildFile; fileRef = 14E1AA821AFBC81A0049D6BC /* Images.xcassets */; };
		14E1AA861AFBC81A0049D6BC /* LaunchScreen.xib in Resources */ = {isa = PBXBuildFile; fileRef = 14E1AA841AFBC81A0049D6BC /* LaunchScreen.xib */; };
		14E1AA921AFBC81A0049D6BC /* BrunoNewsTests.m in Sources */ = {isa = PBXBuildFile; fileRef = 14E1AA911AFBC81A0049D6BC /* BrunoNewsTests.m */; };
/* End PBXBuildFile section */

/* Begin PBXContainerItemProxy section */
		14E1AA8C1AFBC81A0049D6BC /* PBXContainerItemProxy */ = {
			isa = PBXContainerItemProxy;
			containerPortal = 14E1AA6A1AFBC81A0049D6BC /* Project object */;
			proxyType = 1;
			remoteGlobalIDString = 14E1AA711AFBC81A0049D6BC;
			remoteInfo = BrunoNews;
		};
/* End PBXContainerItemProxy section */

/* Begin PBXFileReference section */
		149BE7581AFE4C080080CCC9 /* BDBNew.h */ = {isa = PBXFileReference; fileEncoding = 4; lastKnownFileType = sourcecode.c.h; path = BDBNew.h; sourceTree = "<group>"; };
		149BE7591AFE4C080080CCC9 /* BDBNew.m */ = {isa = PBXFileReference; fileEncoding = 4; lastKnownFileType = sourcecode.c.objc; path = BDBNew.m; sourceTree = "<group>"; };
		149BE75C1AFE569B0080CCC9 /* WindowsAzureMobileServices.framework */ = {isa = PBXFileReference; lastKnownFileType = wrapper.framework; path = WindowsAzureMobileServices.framework; sourceTree = "<group>"; };
		149BE75E1AFE59490080CCC9 /* BDBSharedKeys.h */ = {isa = PBXFileReference; fileEncoding = 4; lastKnownFileType = sourcecode.c.h; path = BDBSharedKeys.h; sourceTree = "<group>"; };
		149BE7651AFE6FE70080CCC9 /* BDBLoginViewController.h */ = {isa = PBXFileReference; fileEncoding = 4; lastKnownFileType = sourcecode.c.h; path = BDBLoginViewController.h; sourceTree = "<group>"; };
		149BE7661AFE6FE70080CCC9 /* BDBLoginViewController.m */ = {isa = PBXFileReference; fileEncoding = 4; lastKnownFileType = sourcecode.c.objc; path = BDBLoginViewController.m; sourceTree = "<group>"; };
		14B80CC31AFF9C8B00E26229 /* BDBCreateNewViewController.h */ = {isa = PBXFileReference; fileEncoding = 4; lastKnownFileType = sourcecode.c.h; path = BDBCreateNewViewController.h; sourceTree = "<group>"; };
		14B80CC41AFF9C8B00E26229 /* BDBCreateNewViewController.m */ = {isa = PBXFileReference; fileEncoding = 4; lastKnownFileType = sourcecode.c.objc; path = BDBCreateNewViewController.m; sourceTree = "<group>"; };
		14B80CC61AFFDE2400E26229 /* BDBPublishedTableViewController.h */ = {isa = PBXFileReference; fileEncoding = 4; lastKnownFileType = sourcecode.c.h; path = BDBPublishedTableViewController.h; sourceTree = "<group>"; };
		14B80CC71AFFDE2400E26229 /* BDBPublishedTableViewController.m */ = {isa = PBXFileReference; fileEncoding = 4; lastKnownFileType = sourcecode.c.objc; path = BDBPublishedTableViewController.m; sourceTree = "<group>"; };
		14B80CC91AFFF78900E26229 /* BDBDetailPublishedViewController.h */ = {isa = PBXFileReference; fileEncoding = 4; lastKnownFileType = sourcecode.c.h; path = BDBDetailPublishedViewController.h; sourceTree = "<group>"; };
		14B80CCA1AFFF78900E26229 /* BDBDetailPublishedViewController.m */ = {isa = PBXFileReference; fileEncoding = 4; lastKnownFileType = sourcecode.c.objc; path = BDBDetailPublishedViewController.m; sourceTree = "<group>"; };
		14B80CCC1B00077900E26229 /* BDBNotPublishedTableViewController.h */ = {isa = PBXFileReference; fileEncoding = 4; lastKnownFileType = sourcecode.c.h; path = BDBNotPublishedTableViewController.h; sourceTree = "<group>"; };
		14B80CCD1B00077900E26229 /* BDBNotPublishedTableViewController.m */ = {isa = PBXFileReference; fileEncoding = 4; lastKnownFileType = sourcecode.c.objc; path = BDBNotPublishedTableViewController.m; sourceTree = "<group>"; };
		14B80CCF1B00086A00E26229 /* BDBDetailNotPublishedViewController.h */ = {isa = PBXFileReference; fileEncoding = 4; lastKnownFileType = sourcecode.c.h; path = BDBDetailNotPublishedViewController.h; sourceTree = "<group>"; };
		14B80CD01B00086A00E26229 /* BDBDetailNotPublishedViewController.m */ = {isa = PBXFileReference; fileEncoding = 4; lastKnownFileType = sourcecode.c.objc; path = BDBDetailNotPublishedViewController.m; sourceTree = "<group>"; };
		14B80CD21B00192500E26229 /* BDBLectorTableViewController.h */ = {isa = PBXFileReference; fileEncoding = 4; lastKnownFileType = sourcecode.c.h; path = BDBLectorTableViewController.h; sourceTree = "<group>"; };
		14B80CD31B00192500E26229 /* BDBLectorTableViewController.m */ = {isa = PBXFileReference; fileEncoding = 4; lastKnownFileType = sourcecode.c.objc; path = BDBLectorTableViewController.m; sourceTree = "<group>"; };
		14B80CD51B001C6700E26229 /* BDBDetailLectorViewController.h */ = {isa = PBXFileReference; fileEncoding = 4; lastKnownFileType = sourcecode.c.h; path = BDBDetailLectorViewController.h; sourceTree = "<group>"; };
		14B80CD61B001C6700E26229 /* BDBDetailLectorViewController.m */ = {isa = PBXFileReference; fileEncoding = 4; lastKnownFileType = sourcecode.c.objc; path = BDBDetailLectorViewController.m; sourceTree = "<group>"; };
		14E1AA721AFBC81A0049D6BC /* BrunoNews.app */ = {isa = PBXFileReference; explicitFileType = wrapper.application; includeInIndex = 0; path = BrunoNews.app; sourceTree = BUILT_PRODUCTS_DIR; };
		14E1AA761AFBC81A0049D6BC /* Info.plist */ = {isa = PBXFileReference; lastKnownFileType = text.plist.xml; path = Info.plist; sourceTree = "<group>"; };
		14E1AA771AFBC81A0049D6BC /* main.m */ = {isa = PBXFileReference; lastKnownFileType = sourcecode.c.objc; path = main.m; sourceTree = "<group>"; };
		14E1AA791AFBC81A0049D6BC /* AppDelegate.h */ = {isa = PBXFileReference; lastKnownFileType = sourcecode.c.h; path = AppDelegate.h; sourceTree = "<group>"; };
		14E1AA7A1AFBC81A0049D6BC /* AppDelegate.m */ = {isa = PBXFileReference; lastKnownFileType = sourcecode.c.objc; path = AppDelegate.m; sourceTree = "<group>"; };
		14E1AA801AFBC81A0049D6BC /* Base */ = {isa = PBXFileReference; lastKnownFileType = file.storyboard; name = Base; path = Base.lproj/Main.storyboard; sourceTree = "<group>"; };
		14E1AA821AFBC81A0049D6BC /* Images.xcassets */ = {isa = PBXFileReference; lastKnownFileType = folder.assetcatalog; path = Images.xcassets; sourceTree = "<group>"; };
		14E1AA851AFBC81A0049D6BC /* Base */ = {isa = PBXFileReference; lastKnownFileType = file.xib; name = Base; path = Base.lproj/LaunchScreen.xib; sourceTree = "<group>"; };
		14E1AA8B1AFBC81A0049D6BC /* BrunoNewsTests.xctest */ = {isa = PBXFileReference; explicitFileType = wrapper.cfbundle; includeInIndex = 0; path = BrunoNewsTests.xctest; sourceTree = BUILT_PRODUCTS_DIR; };
		14E1AA901AFBC81A0049D6BC /* Info.plist */ = {isa = PBXFileReference; lastKnownFileType = text.plist.xml; path = Info.plist; sourceTree = "<group>"; };
		14E1AA911AFBC81A0049D6BC /* BrunoNewsTests.m */ = {isa = PBXFileReference; lastKnownFileType = sourcecode.c.objc; path = BrunoNewsTests.m; sourceTree = "<group>"; };
/* End PBXFileReference section */

/* Begin PBXFrameworksBuildPhase section */
		14E1AA6F1AFBC81A0049D6BC /* Frameworks */ = {
			isa = PBXFrameworksBuildPhase;
			buildActionMask = 2147483647;
			files = (
				149BE75D1AFE569B0080CCC9 /* WindowsAzureMobileServices.framework in Frameworks */,
			);
			runOnlyForDeploymentPostprocessing = 0;
		};
		14E1AA881AFBC81A0049D6BC /* Frameworks */ = {
			isa = PBXFrameworksBuildPhase;
			buildActionMask = 2147483647;
			files = (
			);
			runOnlyForDeploymentPostprocessing = 0;
		};
/* End PBXFrameworksBuildPhase section */

/* Begin PBXGroup section */
		149BE75B1AFE4C0F0080CCC9 /* Model */ = {
			isa = PBXGroup;
			children = (
				149BE7581AFE4C080080CCC9 /* BDBNew.h */,
				149BE7591AFE4C080080CCC9 /* BDBNew.m */,
			);
			name = Model;
			sourceTree = "<group>";
		};
		14B80CC21AFF9C6600E26229 /* Controllers */ = {
			isa = PBXGroup;
			children = (
				149BE7651AFE6FE70080CCC9 /* BDBLoginViewController.h */,
				149BE7661AFE6FE70080CCC9 /* BDBLoginViewController.m */,
				14B80CC31AFF9C8B00E26229 /* BDBCreateNewViewController.h */,
				14B80CC41AFF9C8B00E26229 /* BDBCreateNewViewController.m */,
				14B80CCC1B00077900E26229 /* BDBNotPublishedTableViewController.h */,
				14B80CCD1B00077900E26229 /* BDBNotPublishedTableViewController.m */,
				14B80CCF1B00086A00E26229 /* BDBDetailNotPublishedViewController.h */,
				14B80CD01B00086A00E26229 /* BDBDetailNotPublishedViewController.m */,
				14B80CC61AFFDE2400E26229 /* BDBPublishedTableViewController.h */,
				14B80CC71AFFDE2400E26229 /* BDBPublishedTableViewController.m */,
				14B80CC91AFFF78900E26229 /* BDBDetailPublishedViewController.h */,
				14B80CCA1AFFF78900E26229 /* BDBDetailPublishedViewController.m */,
				14B80CD51B001C6700E26229 /* BDBDetailLectorViewController.h */,
				14B80CD61B001C6700E26229 /* BDBDetailLectorViewController.m */,
				14B80CD21B00192500E26229 /* BDBLectorTableViewController.h */,
				14B80CD31B00192500E26229 /* BDBLectorTableViewController.m */,
			);
			name = Controllers;
			sourceTree = "<group>";
		};
		14E1AA691AFBC81A0049D6BC = {
			isa = PBXGroup;
			children = (
				14E1AA741AFBC81A0049D6BC /* BrunoNews */,
				14E1AA8E1AFBC81A0049D6BC /* BrunoNewsTests */,
				14E1AA731AFBC81A0049D6BC /* Products */,
				149BE75C1AFE569B0080CCC9 /* WindowsAzureMobileServices.framework */,
			);
			sourceTree = "<group>";
		};
		14E1AA731AFBC81A0049D6BC /* Products */ = {
			isa = PBXGroup;
			children = (
				14E1AA721AFBC81A0049D6BC /* BrunoNews.app */,
				14E1AA8B1AFBC81A0049D6BC /* BrunoNewsTests.xctest */,
			);
			name = Products;
			sourceTree = "<group>";
		};
		14E1AA741AFBC81A0049D6BC /* BrunoNews */ = {
			isa = PBXGroup;
			children = (
				14E1AA791AFBC81A0049D6BC /* AppDelegate.h */,
				14E1AA7A1AFBC81A0049D6BC /* AppDelegate.m */,
				14E1AA7F1AFBC81A0049D6BC /* Main.storyboard */,
				14E1AA821AFBC81A0049D6BC /* Images.xcassets */,
				14E1AA841AFBC81A0049D6BC /* LaunchScreen.xib */,
				14E1AA751AFBC81A0049D6BC /* Supporting Files */,
				149BE75B1AFE4C0F0080CCC9 /* Model */,
				149BE75E1AFE59490080CCC9 /* BDBSharedKeys.h */,
				14B80CC21AFF9C6600E26229 /* Controllers */,
			);
			path = BrunoNews;
			sourceTree = "<group>";
		};
		14E1AA751AFBC81A0049D6BC /* Supporting Files */ = {
			isa = PBXGroup;
			children = (
				14E1AA761AFBC81A0049D6BC /* Info.plist */,
				14E1AA771AFBC81A0049D6BC /* main.m */,
			);
			name = "Supporting Files";
			sourceTree = "<group>";
		};
		14E1AA8E1AFBC81A0049D6BC /* BrunoNewsTests */ = {
			isa = PBXGroup;
			children = (
				14E1AA911AFBC81A0049D6BC /* BrunoNewsTests.m */,
				14E1AA8F1AFBC81A0049D6BC /* Supporting Files */,
			);
			path = BrunoNewsTests;
			sourceTree = "<group>";
		};
		14E1AA8F1AFBC81A0049D6BC /* Supporting Files */ = {
			isa = PBXGroup;
			children = (
				14E1AA901AFBC81A0049D6BC /* Info.plist */,
			);
			name = "Supporting Files";
			sourceTree = "<group>";
		};
/* End PBXGroup section */

/* Begin PBXNativeTarget section */
		14E1AA711AFBC81A0049D6BC /* BrunoNews */ = {
			isa = PBXNativeTarget;
			buildConfigurationList = 14E1AA951AFBC81A0049D6BC /* Build configuration list for PBXNativeTarget "BrunoNews" */;
			buildPhases = (
				14E1AA6E1AFBC81A0049D6BC /* Sources */,
				14E1AA6F1AFBC81A0049D6BC /* Frameworks */,
				14E1AA701AFBC81A0049D6BC /* Resources */,
			);
			buildRules = (
			);
			dependencies = (
			);
			name = BrunoNews;
			productName = BrunoNews;
			productReference = 14E1AA721AFBC81A0049D6BC /* BrunoNews.app */;
			productType = "com.apple.product-type.application";
		};
		14E1AA8A1AFBC81A0049D6BC /* BrunoNewsTests */ = {
			isa = PBXNativeTarget;
			buildConfigurationList = 14E1AA981AFBC81A0049D6BC /* Build configuration list for PBXNativeTarget "BrunoNewsTests" */;
			buildPhases = (
				14E1AA871AFBC81A0049D6BC /* Sources */,
				14E1AA881AFBC81A0049D6BC /* Frameworks */,
				14E1AA891AFBC81A0049D6BC /* Resources */,
			);
			buildRules = (
			);
			dependencies = (
				14E1AA8D1AFBC81A0049D6BC /* PBXTargetDependency */,
			);
			name = BrunoNewsTests;
			productName = BrunoNewsTests;
			productReference = 14E1AA8B1AFBC81A0049D6BC /* BrunoNewsTests.xctest */;
			productType = "com.apple.product-type.bundle.unit-test";
		};
/* End PBXNativeTarget section */

/* Begin PBXProject section */
		14E1AA6A1AFBC81A0049D6BC /* Project object */ = {
			isa = PBXProject;
			attributes = {
				LastUpgradeCheck = 0630;
				ORGANIZATIONNAME = brunodominguez;
				TargetAttributes = {
					14E1AA711AFBC81A0049D6BC = {
						CreatedOnToolsVersion = 6.3;
					};
					14E1AA8A1AFBC81A0049D6BC = {
						CreatedOnToolsVersion = 6.3;
						TestTargetID = 14E1AA711AFBC81A0049D6BC;
					};
				};
			};
			buildConfigurationList = 14E1AA6D1AFBC81A0049D6BC /* Build configuration list for PBXProject "BrunoNews" */;
			compatibilityVersion = "Xcode 3.2";
			developmentRegion = English;
			hasScannedForEncodings = 0;
			knownRegions = (
				en,
				Base,
			);
			mainGroup = 14E1AA691AFBC81A0049D6BC;
			productRefGroup = 14E1AA731AFBC81A0049D6BC /* Products */;
			projectDirPath = "";
			projectRoot = "";
			targets = (
				14E1AA711AFBC81A0049D6BC /* BrunoNews */,
				14E1AA8A1AFBC81A0049D6BC /* BrunoNewsTests */,
			);
		};
/* End PBXProject section */

/* Begin PBXResourcesBuildPhase section */
		14E1AA701AFBC81A0049D6BC /* Resources */ = {
			isa = PBXResourcesBuildPhase;
			buildActionMask = 2147483647;
			files = (
				14E1AA811AFBC81A0049D6BC /* Main.storyboard in Resources */,
				14E1AA861AFBC81A0049D6BC /* LaunchScreen.xib in Resources */,
				14E1AA831AFBC81A0049D6BC /* Images.xcassets in Resources */,
			);
			runOnlyForDeploymentPostprocessing = 0;
		};
		14E1AA891AFBC81A0049D6BC /* Resources */ = {
			isa = PBXResourcesBuildPhase;
			buildActionMask = 2147483647;
			files = (
			);
			runOnlyForDeploymentPostprocessing = 0;
		};
/* End PBXResourcesBuildPhase section */

/* Begin PBXSourcesBuildPhase section */
		14E1AA6E1AFBC81A0049D6BC /* Sources */ = {
			isa = PBXSourcesBuildPhase;
			buildActionMask = 2147483647;
			files = (
				14E1AA7B1AFBC81A0049D6BC /* AppDelegate.m in Sources */,
				14E1AA781AFBC81A0049D6BC /* main.m in Sources */,
				14B80CCB1AFFF78900E26229 /* BDBDetailPublishedViewController.m in Sources */,
				149BE75A1AFE4C080080CCC9 /* BDBNew.m in Sources */,
				14B80CC81AFFDE2400E26229 /* BDBPublishedTableViewController.m in Sources */,
				14B80CC51AFF9C8B00E26229 /* BDBCreateNewViewController.m in Sources */,
				14B80CD71B001C6700E26229 /* BDBDetailLectorViewController.m in Sources */,
				149BE7671AFE6FE70080CCC9 /* BDBLoginViewController.m in Sources */,
				14B80CD11B00086A00E26229 /* BDBDetailNotPublishedViewController.m in Sources */,
				14B80CCE1B00077900E26229 /* BDBNotPublishedTableViewController.m in Sources */,
				14B80CD41B00192500E26229 /* BDBLectorTableViewController.m in Sources */,
			);
			runOnlyForDeploymentPostprocessing = 0;
		};
		14E1AA871AFBC81A0049D6BC /* Sources */ = {
			isa = PBXSourcesBuildPhase;
			buildActionMask = 2147483647;
			files = (
				14E1AA921AFBC81A0049D6BC /* BrunoNewsTests.m in Sources */,
			);
			runOnlyForDeploymentPostprocessing = 0;
		};
/* End PBXSourcesBuildPhase section */

/* Begin PBXTargetDependency section */
		14E1AA8D1AFBC81A0049D6BC /* PBXTargetDependency */ = {
			isa = PBXTargetDependency;
			target = 14E1AA711AFBC81A0049D6BC /* BrunoNews */;
			targetProxy = 14E1AA8C1AFBC81A0049D6BC /* PBXContainerItemProxy */;
		};
/* End PBXTargetDependency section */

/* Begin PBXVariantGroup section */
		14E1AA7F1AFBC81A0049D6BC /* Main.storyboard */ = {
			isa = PBXVariantGroup;
			children = (
				14E1AA801AFBC81A0049D6BC /* Base */,
			);
			name = Main.storyboard;
			sourceTree = "<group>";
		};
		14E1AA841AFBC81A0049D6BC /* LaunchScreen.xib */ = {
			isa = PBXVariantGroup;
			children = (
				14E1AA851AFBC81A0049D6BC /* Base */,
			);
			name = LaunchScreen.xib;
			sourceTree = "<group>";
		};
/* End PBXVariantGroup section */

/* Begin XCBuildConfiguration section */
		14E1AA931AFBC81A0049D6BC /* Debug */ = {
			isa = XCBuildConfiguration;
			buildSettings = {
				ALWAYS_SEARCH_USER_PATHS = NO;
				CLANG_CXX_LANGUAGE_STANDARD = "gnu++0x";
				CLANG_CXX_LIBRARY = "libc++";
				CLANG_ENABLE_MODULES = YES;
				CLANG_ENABLE_OBJC_ARC = YES;
				CLANG_WARN_BOOL_CONVERSION = YES;
				CLANG_WARN_CONSTANT_CONVERSION = YES;
				CLANG_WARN_DIRECT_OBJC_ISA_USAGE = YES_ERROR;
				CLANG_WARN_EMPTY_BODY = YES;
				CLANG_WARN_ENUM_CONVERSION = YES;
				CLANG_WARN_INT_CONVERSION = YES;
				CLANG_WARN_OBJC_ROOT_CLASS = YES_ERROR;
				CLANG_WARN_UNREACHABLE_CODE = YES;
				CLANG_WARN__DUPLICATE_METHOD_MATCH = YES;
				"CODE_SIGN_IDENTITY[sdk=iphoneos*]" = "iPhone Developer";
				COPY_PHASE_STRIP = NO;
				DEBUG_INFORMATION_FORMAT = "dwarf-with-dsym";
				ENABLE_STRICT_OBJC_MSGSEND = YES;
				GCC_C_LANGUAGE_STANDARD = gnu99;
				GCC_DYNAMIC_NO_PIC = NO;
				GCC_NO_COMMON_BLOCKS = YES;
				GCC_OPTIMIZATION_LEVEL = 0;
				GCC_PREPROCESSOR_DEFINITIONS = (
					"DEBUG=1",
					"$(inherited)",
				);
				GCC_SYMBOLS_PRIVATE_EXTERN = NO;
				GCC_WARN_64_TO_32_BIT_CONVERSION = YES;
				GCC_WARN_ABOUT_RETURN_TYPE = YES_ERROR;
				GCC_WARN_UNDECLARED_SELECTOR = YES;
				GCC_WARN_UNINITIALIZED_AUTOS = YES_AGGRESSIVE;
				GCC_WARN_UNUSED_FUNCTION = YES;
				GCC_WARN_UNUSED_VARIABLE = YES;
				IPHONEOS_DEPLOYMENT_TARGET = 8.3;
				MTL_ENABLE_DEBUG_INFO = YES;
				ONLY_ACTIVE_ARCH = YES;
				SDKROOT = iphoneos;
				TARGETED_DEVICE_FAMILY = "1,2";
			};
			name = Debug;
		};
		14E1AA941AFBC81A0049D6BC /* Release */ = {
			isa = XCBuildConfiguration;
			buildSettings = {
				ALWAYS_SEARCH_USER_PATHS = NO;
				CLANG_CXX_LANGUAGE_STANDARD = "gnu++0x";
				CLANG_CXX_LIBRARY = "libc++";
				CLANG_ENABLE_MODULES = YES;
				CLANG_ENABLE_OBJC_ARC = YES;
				CLANG_WARN_BOOL_CONVERSION = YES;
				CLANG_WARN_CONSTANT_CONVERSION = YES;
				CLANG_WARN_DIRECT_OBJC_ISA_USAGE = YES_ERROR;
				CLANG_WARN_EMPTY_BODY = YES;
				CLANG_WARN_ENUM_CONVERSION = YES;
				CLANG_WARN_INT_CONVERSION = YES;
				CLANG_WARN_OBJC_ROOT_CLASS = YES_ERROR;
				CLANG_WARN_UNREACHABLE_CODE = YES;
				CLANG_WARN__DUPLICATE_METHOD_MATCH = YES;
				"CODE_SIGN_IDENTITY[sdk=iphoneos*]" = "iPhone Developer";
				COPY_PHASE_STRIP = NO;
				DEBUG_INFORMATION_FORMAT = "dwarf-with-dsym";
				ENABLE_NS_ASSERTIONS = NO;
				ENABLE_STRICT_OBJC_MSGSEND = YES;
				GCC_C_LANGUAGE_STANDARD = gnu99;
				GCC_NO_COMMON_BLOCKS = YES;
				GCC_WARN_64_TO_32_BIT_CONVERSION = YES;
				GCC_WARN_ABOUT_RETURN_TYPE = YES_ERROR;
				GCC_WARN_UNDECLARED_SELECTOR = YES;
				GCC_WARN_UNINITIALIZED_AUTOS = YES_AGGRESSIVE;
				GCC_WARN_UNUSED_FUNCTION = YES;
				GCC_WARN_UNUSED_VARIABLE = YES;
				IPHONEOS_DEPLOYMENT_TARGET = 8.3;
				MTL_ENABLE_DEBUG_INFO = NO;
				SDKROOT = iphoneos;
				TARGETED_DEVICE_FAMILY = "1,2";
				VALIDATE_PRODUCT = YES;
			};
			name = Release;
		};
		14E1AA961AFBC81A0049D6BC /* Debug */ = {
			isa = XCBuildConfiguration;
			buildSettings = {
				ASSETCATALOG_COMPILER_APPICON_NAME = AppIcon;
				FRAMEWORK_SEARCH_PATHS = (
					"$(inherited)",
					"$(PROJECT_DIR)",
				);
				INFOPLIST_FILE = BrunoNews/Info.plist;
				LD_RUNPATH_SEARCH_PATHS = "$(inherited) @executable_path/Frameworks";
				PRODUCT_NAME = "$(TARGET_NAME)";
			};
			name = Debug;
		};
		14E1AA971AFBC81A0049D6BC /* Release */ = {
			isa = XCBuildConfiguration;
			buildSettings = {
				ASSETCATALOG_COMPILER_APPICON_NAME = AppIcon;
				FRAMEWORK_SEARCH_PATHS = (
					"$(inherited)",
					"$(PROJECT_DIR)",
				);
				INFOPLIST_FILE = BrunoNews/Info.plist;
				LD_RUNPATH_SEARCH_PATHS = "$(inherited) @executable_path/Frameworks";
				PRODUCT_NAME = "$(TARGET_NAME)";
			};
			name = Release;
		};
		14E1AA991AFBC81A0049D6BC /* Debug */ = {
			isa = XCBuildConfiguration;
			buildSettings = {
				BUNDLE_LOADER = "$(TEST_HOST)";
				FRAMEWORK_SEARCH_PATHS = (
					"$(SDKROOT)/Developer/Library/Frameworks",
					"$(inherited)",
				);
				GCC_PREPROCESSOR_DEFINITIONS = (
					"DEBUG=1",
					"$(inherited)",
				);
				INFOPLIST_FILE = BrunoNewsTests/Info.plist;
				LD_RUNPATH_SEARCH_PATHS = "$(inherited) @executable_path/Frameworks @loader_path/Frameworks";
				PRODUCT_NAME = "$(TARGET_NAME)";
				TEST_HOST = "$(BUILT_PRODUCTS_DIR)/BrunoNews.app/BrunoNews";
			};
			name = Debug;
		};
		14E1AA9A1AFBC81A0049D6BC /* Release */ = {
			isa = XCBuildConfiguration;
			buildSettings = {
				BUNDLE_LOADER = "$(TEST_HOST)";
				FRAMEWORK_SEARCH_PATHS = (
					"$(SDKROOT)/Developer/Library/Frameworks",
					"$(inherited)",
				);
				INFOPLIST_FILE = BrunoNewsTests/Info.plist;
				LD_RUNPATH_SEARCH_PATHS = "$(inherited) @executable_path/Frameworks @loader_path/Frameworks";
				PRODUCT_NAME = "$(TARGET_NAME)";
				TEST_HOST = "$(BUILT_PRODUCTS_DIR)/BrunoNews.app/BrunoNews";
			};
			name = Release;
		};
/* End XCBuildConfiguration section */

/* Begin XCConfigurationList section */
		14E1AA6D1AFBC81A0049D6BC /* Build configuration list for PBXProject "BrunoNews" */ = {
			isa = XCConfigurationList;
			buildConfigurations = (
				14E1AA931AFBC81A0049D6BC /* Debug */,
				14E1AA941AFBC81A0049D6BC /* Release */,
			);
			defaultConfigurationIsVisible = 0;
			defaultConfigurationName = Release;
		};
		14E1AA951AFBC81A0049D6BC /* Build configuration list for PBXNativeTarget "BrunoNews" */ = {
			isa = XCConfigurationList;
			buildConfigurations = (
				14E1AA961AFBC81A0049D6BC /* Debug */,
				14E1AA971AFBC81A0049D6BC /* Release */,
			);
			defaultConfigurationIsVisible = 0;
			defaultConfigurationName = Release;
		};
		14E1AA981AFBC81A0049D6BC /* Build configuration list for PBXNativeTarget "BrunoNewsTests" */ = {
			isa = XCConfigurationList;
			buildConfigurations = (
				14E1AA991AFBC81A0049D6BC /* Debug */,
				14E1AA9A1AFBC81A0049D6BC /* Release */,
			);
			defaultConfigurationIsVisible = 0;
			defaultConfigurationName = Release;
		};
/* End XCConfigurationList section */
	};
	rootObject = 14E1AA6A1AFBC81A0049D6BC /* Project object */;
}
